
Microsoft Visual Studio Solution File, Format Version 12.00
# Visual Studio Version 17
VisualStudioVersion = 17.4.33110.190
MinimumVisualStudioVersion = 10.0.40219.1
Project("{FAE04EC0-301F-11D3-BF4B-00C04F79EFBC}") = "MooGame", "MooGame\MooGame.csproj", "{58C30888-8F5B-4729-A159-5318926B247D}"
EndProject
Global
	GlobalSection(SolutionConfigurationPlatforms) = preSolution
		Debug|Any CPU = Debug|Any CPU
		Release|Any CPU = Release|Any CPU
	EndGlobalSection
	GlobalSection(ProjectConfigurationPlatforms) = postSolution
		{58C30888-8F5B-4729-A159-5318926B247D}.Debug|Any CPU.ActiveCfg = Debug|Any CPU
		{58C30888-8F5B-4729-A159-5318926B247D}.Debug|Any CPU.Build.0 = Debug|Any CPU
		{58C30888-8F5B-4729-A159-5318926B247D}.Release|Any CPU.ActiveCfg = Release|Any CPU
		{58C30888-8F5B-4729-A159-5318926B247D}.Release|Any CPU.Build.0 = Release|Any CPU
	EndGlobalSection
	GlobalSection(SolutionProperties) = preSolution
		HideSolutionNode = FALSE
	EndGlobalSection
	GlobalSection(ExtensibilityGlobals) = postSolution
		SolutionGuid = {6922B47A-07AC-4C87-AC58-4A4284A3B591}
	EndGlobalSection
EndGlobal
